
Microsoft Visual Studio Solution File, Format Version 12.00
# Visual Studio 15
VisualStudioVersion = 15.0.28307.329
MinimumVisualStudioVersion = 10.0.40219.1
Project("{FAE04EC0-301F-11D3-BF4B-00C04F79EFBC}") = "C-Sharp Console", "C-Sharp Console\C-Sharp Console.csproj", "{CA870373-916A-4417-BDCD-4D44BE8ECD02}"
EndProject
Global
	GlobalSection(SolutionConfigurationPlatforms) = preSolution
		Debug|Any CPU = Debug|Any CPU
		Release|Any CPU = Release|Any CPU
	EndGlobalSection
	GlobalSection(ProjectConfigurationPlatforms) = postSolution
		{CA870373-916A-4417-BDCD-4D44BE8ECD02}.Debug|Any CPU.ActiveCfg = Debug|Any CPU
		{CA870373-916A-4417-BDCD-4D44BE8ECD02}.Debug|Any CPU.Build.0 = Debug|Any CPU
		{CA870373-916A-4417-BDCD-4D44BE8ECD02}.Release|Any CPU.ActiveCfg = Release|Any CPU
		{CA870373-916A-4417-BDCD-4D44BE8ECD02}.Release|Any CPU.Build.0 = Release|Any CPU
	EndGlobalSection
	GlobalSection(SolutionProperties) = preSolution
		HideSolutionNode = FALSE
	EndGlobalSection
	GlobalSection(ExtensibilityGlobals) = postSolution
		SolutionGuid = {DEEF5873-A624-4231-BAFF-779FFDB2CBE5}
	EndGlobalSection
EndGlobal
